
Microsoft Visual Studio Solution File, Format Version 12.00
# Visual Studio 15
VisualStudioVersion = 15.0.26730.12
MinimumVisualStudioVersion = 10.0.40219.1
Project("{8BC9CEB8-8B4A-11D0-8D11-00A0C91BC942}") = "Lektion1", "Lektion1\Lektion1.vcxproj", "{128C3AAD-7C95-4EB2-B53F-272689273A13}"
EndProject
Project("{8BC9CEB8-8B4A-11D0-8D11-00A0C91BC942}") = "Lektion2", "Lektion2\Lektion2.vcxproj", "{3BFCD730-8C12-4F57-BD19-C6BB5B22540E}"
EndProject
Project("{8BC9CEB8-8B4A-11D0-8D11-00A0C91BC942}") = "Lektion3", "Lektion3\Lektion3.vcxproj", "{13DC367C-20F6-4527-B871-C67CF9D4CFB5}"
EndProject
Project("{8BC9CEB8-8B4A-11D0-8D11-00A0C91BC942}") = "Journal", "Journal\Journal.vcxproj", "{5064762F-C1A1-46BA-B017-CC08BE4684BB}"
EndProject
Project("{8BC9CEB8-8B4A-11D0-8D11-00A0C91BC942}") = "SortingExamples", "SortingExamples\SortingExamples.vcxproj", "{C6291B95-B9A1-4E60-986E-33607124148B}"
EndProject
Project("{8BC9CEB8-8B4A-11D0-8D11-00A0C91BC942}") = "Lektion6", "Lektion6\Lektion6.vcxproj", "{362E6353-B50C-4620-B8F1-6F0A26129FA2}"
EndProject
Project("{8BC9CEB8-8B4A-11D0-8D11-00A0C91BC942}") = "Lektion7", "Lektion7\Lektion7.vcxproj", "{7AC44D94-82F4-48E9-B99B-26877DE09A23}"
EndProject
Project("{8BC9CEB8-8B4A-11D0-8D11-00A0C91BC942}") = "Lektion8", "Lektion8\Lektion8.vcxproj", "{22E68594-3487-41CE-B568-3420B9EFD8F8}"
EndProject
Project("{8BC9CEB8-8B4A-11D0-8D11-00A0C91BC942}") = "Funktionsmallar", "Funktionsmallar\Funktionsmallar.vcxproj", "{7AB9516A-994D-4A9F-B0EB-16C420472870}"
EndProject
Project("{8BC9CEB8-8B4A-11D0-8D11-00A0C91BC942}") = "Lektion9", "Lektion9\Lektion9.vcxproj", "{F907EC90-02DB-4DA8-9925-F61F5A74B88E}"
EndProject
Global
	GlobalSection(SolutionConfigurationPlatforms) = preSolution
		Debug|x64 = Debug|x64
		Debug|x86 = Debug|x86
		Release|x64 = Release|x64
		Release|x86 = Release|x86
	EndGlobalSection
	GlobalSection(ProjectConfigurationPlatforms) = postSolution
		{128C3AAD-7C95-4EB2-B53F-272689273A13}.Debug|x64.ActiveCfg = Debug|x64
		{128C3AAD-7C95-4EB2-B53F-272689273A13}.Debug|x64.Build.0 = Debug|x64
		{128C3AAD-7C95-4EB2-B53F-272689273A13}.Debug|x86.ActiveCfg = Debug|Win32
		{128C3AAD-7C95-4EB2-B53F-272689273A13}.Debug|x86.Build.0 = Debug|Win32
		{128C3AAD-7C95-4EB2-B53F-272689273A13}.Release|x64.ActiveCfg = Release|x64
		{128C3AAD-7C95-4EB2-B53F-272689273A13}.Release|x64.Build.0 = Release|x64
		{128C3AAD-7C95-4EB2-B53F-272689273A13}.Release|x86.ActiveCfg = Release|Win32
		{128C3AAD-7C95-4EB2-B53F-272689273A13}.Release|x86.Build.0 = Release|Win32
		{3BFCD730-8C12-4F57-BD19-C6BB5B22540E}.Debug|x64.ActiveCfg = Debug|x64
		{3BFCD730-8C12-4F57-BD19-C6BB5B22540E}.Debug|x64.Build.0 = Debug|x64
		{3BFCD730-8C12-4F57-BD19-C6BB5B22540E}.Debug|x86.ActiveCfg = Debug|Win32
		{3BFCD730-8C12-4F57-BD19-C6BB5B22540E}.Debug|x86.Build.0 = Debug|Win32
		{3BFCD730-8C12-4F57-BD19-C6BB5B22540E}.Release|x64.ActiveCfg = Release|x64
		{3BFCD730-8C12-4F57-BD19-C6BB5B22540E}.Release|x64.Build.0 = Release|x64
		{3BFCD730-8C12-4F57-BD19-C6BB5B22540E}.Release|x86.ActiveCfg = Release|Win32
		{3BFCD730-8C12-4F57-BD19-C6BB5B22540E}.Release|x86.Build.0 = Release|Win32
		{13DC367C-20F6-4527-B871-C67CF9D4CFB5}.Debug|x64.ActiveCfg = Debug|x64
		{13DC367C-20F6-4527-B871-C67CF9D4CFB5}.Debug|x64.Build.0 = Debug|x64
		{13DC367C-20F6-4527-B871-C67CF9D4CFB5}.Debug|x86.ActiveCfg = Debug|Win32
		{13DC367C-20F6-4527-B871-C67CF9D4CFB5}.Debug|x86.Build.0 = Debug|Win32
		{13DC367C-20F6-4527-B871-C67CF9D4CFB5}.Release|x64.ActiveCfg = Release|x64
		{13DC367C-20F6-4527-B871-C67CF9D4CFB5}.Release|x64.Build.0 = Release|x64
		{13DC367C-20F6-4527-B871-C67CF9D4CFB5}.Release|x86.ActiveCfg = Release|Win32
		{13DC367C-20F6-4527-B871-C67CF9D4CFB5}.Release|x86.Build.0 = Release|Win32
		{5064762F-C1A1-46BA-B017-CC08BE4684BB}.Debug|x64.ActiveCfg = Debug|x64
		{5064762F-C1A1-46BA-B017-CC08BE4684BB}.Debug|x64.Build.0 = Debug|x64
		{5064762F-C1A1-46BA-B017-CC08BE4684BB}.Debug|x86.ActiveCfg = Debug|Win32
		{5064762F-C1A1-46BA-B017-CC08BE4684BB}.Debug|x86.Build.0 = Debug|Win32
		{5064762F-C1A1-46BA-B017-CC08BE4684BB}.Release|x64.ActiveCfg = Release|x64
		{5064762F-C1A1-46BA-B017-CC08BE4684BB}.Release|x64.Build.0 = Release|x64
		{5064762F-C1A1-46BA-B017-CC08BE4684BB}.Release|x86.ActiveCfg = Release|Win32
		{5064762F-C1A1-46BA-B017-CC08BE4684BB}.Release|x86.Build.0 = Release|Win32
		{C6291B95-B9A1-4E60-986E-33607124148B}.Debug|x64.ActiveCfg = Debug|x64
		{C6291B95-B9A1-4E60-986E-33607124148B}.Debug|x64.Build.0 = Debug|x64
		{C6291B95-B9A1-4E60-986E-33607124148B}.Debug|x86.ActiveCfg = Debug|Win32
		{C6291B95-B9A1-4E60-986E-33607124148B}.Debug|x86.Build.0 = Debug|Win32
		{C6291B95-B9A1-4E60-986E-33607124148B}.Release|x64.ActiveCfg = Release|x64
		{C6291B95-B9A1-4E60-986E-33607124148B}.Release|x64.Build.0 = Release|x64
		{C6291B95-B9A1-4E60-986E-33607124148B}.Release|x86.ActiveCfg = Release|Win32
		{C6291B95-B9A1-4E60-986E-33607124148B}.Release|x86.Build.0 = Release|Win32
		{362E6353-B50C-4620-B8F1-6F0A26129FA2}.Debug|x64.ActiveCfg = Debug|x64
		{362E6353-B50C-4620-B8F1-6F0A26129FA2}.Debug|x64.Build.0 = Debug|x64
		{362E6353-B50C-4620-B8F1-6F0A26129FA2}.Debug|x86.ActiveCfg = Debug|Win32
		{362E6353-B50C-4620-B8F1-6F0A26129FA2}.Debug|x86.Build.0 = Debug|Win32
		{362E6353-B50C-4620-B8F1-6F0A26129FA2}.Release|x64.ActiveCfg = Release|x64
		{362E6353-B50C-4620-B8F1-6F0A26129FA2}.Release|x64.Build.0 = Release|x64
		{362E6353-B50C-4620-B8F1-6F0A26129FA2}.Release|x86.ActiveCfg = Release|Win32
		{362E6353-B50C-4620-B8F1-6F0A26129FA2}.Release|x86.Build.0 = Release|Win32
		{7AC44D94-82F4-48E9-B99B-26877DE09A23}.Debug|x64.ActiveCfg = Debug|x64
		{7AC44D94-82F4-48E9-B99B-26877DE09A23}.Debug|x64.Build.0 = Debug|x64
		{7AC44D94-82F4-48E9-B99B-26877DE09A23}.Debug|x86.ActiveCfg = Debug|Win32
		{7AC44D94-82F4-48E9-B99B-26877DE09A23}.Debug|x86.Build.0 = Debug|Win32
		{7AC44D94-82F4-48E9-B99B-26877DE09A23}.Release|x64.ActiveCfg = Release|x64
		{7AC44D94-82F4-48E9-B99B-26877DE09A23}.Release|x64.Build.0 = Release|x64
		{7AC44D94-82F4-48E9-B99B-26877DE09A23}.Release|x86.ActiveCfg = Release|Win32
		{7AC44D94-82F4-48E9-B99B-26877DE09A23}.Release|x86.Build.0 = Release|Win32
		{22E68594-3487-41CE-B568-3420B9EFD8F8}.Debug|x64.ActiveCfg = Debug|x64
		{22E68594-3487-41CE-B568-3420B9EFD8F8}.Debug|x64.Build.0 = Debug|x64
		{22E68594-3487-41CE-B568-3420B9EFD8F8}.Debug|x86.ActiveCfg = Debug|Win32
		{22E68594-3487-41CE-B568-3420B9EFD8F8}.Debug|x86.Build.0 = Debug|Win32
		{22E68594-3487-41CE-B568-3420B9EFD8F8}.Release|x64.ActiveCfg = Release|x64
		{22E68594-3487-41CE-B568-3420B9EFD8F8}.Release|x64.Build.0 = Release|x64
		{22E68594-3487-41CE-B568-3420B9EFD8F8}.Release|x86.ActiveCfg = Release|Win32
		{22E68594-3487-41CE-B568-3420B9EFD8F8}.Release|x86.Build.0 = Release|Win32
		{7AB9516A-994D-4A9F-B0EB-16C420472870}.Debug|x64.ActiveCfg = Debug|x64
		{7AB9516A-994D-4A9F-B0EB-16C420472870}.Debug|x64.Build.0 = Debug|x64
		{7AB9516A-994D-4A9F-B0EB-16C420472870}.Debug|x86.ActiveCfg = Debug|Win32
		{7AB9516A-994D-4A9F-B0EB-16C420472870}.Debug|x86.Build.0 = Debug|Win32
		{7AB9516A-994D-4A9F-B0EB-16C420472870}.Release|x64.ActiveCfg = Release|x64
		{7AB9516A-994D-4A9F-B0EB-16C420472870}.Release|x64.Build.0 = Release|x64
		{7AB9516A-994D-4A9F-B0EB-16C420472870}.Release|x86.ActiveCfg = Release|Win32
		{7AB9516A-994D-4A9F-B0EB-16C420472870}.Release|x86.Build.0 = Release|Win32
		{F907EC90-02DB-4DA8-9925-F61F5A74B88E}.Debug|x64.ActiveCfg = Debug|x64
		{F907EC90-02DB-4DA8-9925-F61F5A74B88E}.Debug|x64.Build.0 = Debug|x64
		{F907EC90-02DB-4DA8-9925-F61F5A74B88E}.Debug|x86.ActiveCfg = Debug|Win32
		{F907EC90-02DB-4DA8-9925-F61F5A74B88E}.Debug|x86.Build.0 = Debug|Win32
		{F907EC90-02DB-4DA8-9925-F61F5A74B88E}.Release|x64.ActiveCfg = Release|x64
		{F907EC90-02DB-4DA8-9925-F61F5A74B88E}.Release|x64.Build.0 = Release|x64
		{F907EC90-02DB-4DA8-9925-F61F5A74B88E}.Release|x86.ActiveCfg = Release|Win32
		{F907EC90-02DB-4DA8-9925-F61F5A74B88E}.Release|x86.Build.0 = Release|Win32
	EndGlobalSection
	GlobalSection(SolutionProperties) = preSolution
		HideSolutionNode = FALSE
	EndGlobalSection
	GlobalSection(ExtensibilityGlobals) = postSolution
		SolutionGuid = {3EC53047-8C9E-4CAE-8DEB-8ECB706C30A0}
	EndGlobalSection
EndGlobal
